
Microsoft Visual Studio Solution File, Format Version 12.00
# Visual Studio Version 16
VisualStudioVersion = 16.0.31112.23
MinimumVisualStudioVersion = 10.0.40219.1
Project("{FAE04EC0-301F-11D3-BF4B-00C04F79EFBC}") = "hproseServer", "hproseServer\hproseServer.csproj", "{67AFCB7D-1F22-48E5-8DC4-E52703C5B1D2}"
EndProject
Project("{FAE04EC0-301F-11D3-BF4B-00C04F79EFBC}") = "hproseClient", "hproseClient\hproseClient.csproj", "{01E79B0E-07EF-40FF-BCC7-CF8EF3E76E38}"
EndProject
Project("{FAE04EC0-301F-11D3-BF4B-00C04F79EFBC}") = "testMairaBD", "testMairaBD\testMairaBD.csproj", "{179F0704-681D-4A30-9380-99D6A0B503A9}"
EndProject
Project("{9A19103F-16F7-4668-BE54-9A1E7A4F7556}") = "WebHproseClient", "WebHproseClient\WebHproseClient.csproj", "{A4DCC417-F0F8-4C6E-8DD7-7E529C4487AE}"
EndProject
Project("{9A19103F-16F7-4668-BE54-9A1E7A4F7556}") = "asyncTest", "asyncTest\asyncTest.csproj", "{92741D94-7C22-415C-BC46-CB0CFE34C7EE}"
EndProject
Project("{9A19103F-16F7-4668-BE54-9A1E7A4F7556}") = "RedCardCor", "RedCardCor\RedCardCor.csproj", "{4E8529A1-7C5E-46F0-94C2-3DA7FEA4A772}"
EndProject
Project("{FAE04EC0-301F-11D3-BF4B-00C04F79EFBC}") = "RedCardServer", "RedCardServer\RedCardServer.csproj", "{BEF9455E-91CC-4E4C-8AAB-C476FC45B373}"
EndProject
Project("{9A19103F-16F7-4668-BE54-9A1E7A4F7556}") = "oracleTest", "oracleTest\oracleTest.csproj", "{C0FE8737-BCFD-4C6F-AC7D-3CE8942B0CCB}"
EndProject
Project("{9A19103F-16F7-4668-BE54-9A1E7A4F7556}") = "tetsPost", "tetsPost\tetsPost.csproj", "{AF2CD95C-6A5D-448D-B380-591AB1A46645}"
EndProject
Project("{9A19103F-16F7-4668-BE54-9A1E7A4F7556}") = "webAPItest", "webAPItest\webAPItest.csproj", "{1E8BEC33-D58D-4807-A9A1-AA3AFD92E28E}"
EndProject
Project("{FAE04EC0-301F-11D3-BF4B-00C04F79EFBC}") = "rdlcPrint", "rdlcPrint\rdlcPrint.csproj", "{4CBC6423-E455-4DDE-8BC4-F98E928C78E1}"
EndProject
Project("{FAE04EC0-301F-11D3-BF4B-00C04F79EFBC}") = "ElectronicInvoiceTest", "ElectronicInvoiceTest\ElectronicInvoiceTest.csproj", "{286E4458-4500-4887-8C10-A8F1A783C511}"
EndProject
Project("{FAE04EC0-301F-11D3-BF4B-00C04F79EFBC}") = "WindowsFormsApp2", "WindowsFormsApp2\WindowsFormsApp2.csproj", "{157A2C20-6CA9-4291-9CC3-BF7E797B97D5}"
EndProject
Project("{FAE04EC0-301F-11D3-BF4B-00C04F79EFBC}") = "testObjctToXml", "testObjctToXml\testObjctToXml.csproj", "{26F222A9-B7D9-4E5E-8EC7-38BD0994CA36}"
EndProject
Project("{FAE04EC0-301F-11D3-BF4B-00C04F79EFBC}") = "webToXml", "webToXml\webToXml.csproj", "{B32DE7AA-18EB-47B7-8D20-374271FF7BC6}"
EndProject
Global
	GlobalSection(SolutionConfigurationPlatforms) = preSolution
		Debug|Any CPU = Debug|Any CPU
		Debug|x86 = Debug|x86
		Release|Any CPU = Release|Any CPU
		Release|x86 = Release|x86
	EndGlobalSection
	GlobalSection(ProjectConfigurationPlatforms) = postSolution
		{67AFCB7D-1F22-48E5-8DC4-E52703C5B1D2}.Debug|Any CPU.ActiveCfg = Debug|Any CPU
		{67AFCB7D-1F22-48E5-8DC4-E52703C5B1D2}.Debug|Any CPU.Build.0 = Debug|Any CPU
		{67AFCB7D-1F22-48E5-8DC4-E52703C5B1D2}.Debug|x86.ActiveCfg = Debug|Any CPU
		{67AFCB7D-1F22-48E5-8DC4-E52703C5B1D2}.Debug|x86.Build.0 = Debug|Any CPU
		{67AFCB7D-1F22-48E5-8DC4-E52703C5B1D2}.Release|Any CPU.ActiveCfg = Release|Any CPU
		{67AFCB7D-1F22-48E5-8DC4-E52703C5B1D2}.Release|Any CPU.Build.0 = Release|Any CPU
		{67AFCB7D-1F22-48E5-8DC4-E52703C5B1D2}.Release|x86.ActiveCfg = Release|x86
		{67AFCB7D-1F22-48E5-8DC4-E52703C5B1D2}.Release|x86.Build.0 = Release|x86
		{01E79B0E-07EF-40FF-BCC7-CF8EF3E76E38}.Debug|Any CPU.ActiveCfg = Debug|Any CPU
		{01E79B0E-07EF-40FF-BCC7-CF8EF3E76E38}.Debug|Any CPU.Build.0 = Debug|Any CPU
		{01E79B0E-07EF-40FF-BCC7-CF8EF3E76E38}.Debug|x86.ActiveCfg = Debug|Any CPU
		{01E79B0E-07EF-40FF-BCC7-CF8EF3E76E38}.Debug|x86.Build.0 = Debug|Any CPU
		{01E79B0E-07EF-40FF-BCC7-CF8EF3E76E38}.Release|Any CPU.ActiveCfg = Release|Any CPU
		{01E79B0E-07EF-40FF-BCC7-CF8EF3E76E38}.Release|Any CPU.Build.0 = Release|Any CPU
		{01E79B0E-07EF-40FF-BCC7-CF8EF3E76E38}.Release|x86.ActiveCfg = Release|x86
		{01E79B0E-07EF-40FF-BCC7-CF8EF3E76E38}.Release|x86.Build.0 = Release|x86
		{179F0704-681D-4A30-9380-99D6A0B503A9}.Debug|Any CPU.ActiveCfg = Debug|Any CPU
		{179F0704-681D-4A30-9380-99D6A0B503A9}.Debug|Any CPU.Build.0 = Debug|Any CPU
		{179F0704-681D-4A30-9380-99D6A0B503A9}.Debug|x86.ActiveCfg = Debug|Any CPU
		{179F0704-681D-4A30-9380-99D6A0B503A9}.Debug|x86.Build.0 = Debug|Any CPU
		{179F0704-681D-4A30-9380-99D6A0B503A9}.Release|Any CPU.ActiveCfg = Release|Any CPU
		{179F0704-681D-4A30-9380-99D6A0B503A9}.Release|Any CPU.Build.0 = Release|Any CPU
		{179F0704-681D-4A30-9380-99D6A0B503A9}.Release|x86.ActiveCfg = Release|x86
		{179F0704-681D-4A30-9380-99D6A0B503A9}.Release|x86.Build.0 = Release|x86
		{A4DCC417-F0F8-4C6E-8DD7-7E529C4487AE}.Debug|Any CPU.ActiveCfg = Debug|Any CPU
		{A4DCC417-F0F8-4C6E-8DD7-7E529C4487AE}.Debug|Any CPU.Build.0 = Debug|Any CPU
		{A4DCC417-F0F8-4C6E-8DD7-7E529C4487AE}.Debug|x86.ActiveCfg = Debug|Any CPU
		{A4DCC417-F0F8-4C6E-8DD7-7E529C4487AE}.Debug|x86.Build.0 = Debug|Any CPU
		{A4DCC417-F0F8-4C6E-8DD7-7E529C4487AE}.Release|Any CPU.ActiveCfg = Release|Any CPU
		{A4DCC417-F0F8-4C6E-8DD7-7E529C4487AE}.Release|Any CPU.Build.0 = Release|Any CPU
		{A4DCC417-F0F8-4C6E-8DD7-7E529C4487AE}.Release|x86.ActiveCfg = Release|x86
		{A4DCC417-F0F8-4C6E-8DD7-7E529C4487AE}.Release|x86.Build.0 = Release|x86
		{92741D94-7C22-415C-BC46-CB0CFE34C7EE}.Debug|Any CPU.ActiveCfg = Debug|Any CPU
		{92741D94-7C22-415C-BC46-CB0CFE34C7EE}.Debug|Any CPU.Build.0 = Debug|Any CPU
		{92741D94-7C22-415C-BC46-CB0CFE34C7EE}.Debug|x86.ActiveCfg = Debug|Any CPU
		{92741D94-7C22-415C-BC46-CB0CFE34C7EE}.Debug|x86.Build.0 = Debug|Any CPU
		{92741D94-7C22-415C-BC46-CB0CFE34C7EE}.Release|Any CPU.ActiveCfg = Release|Any CPU
		{92741D94-7C22-415C-BC46-CB0CFE34C7EE}.Release|Any CPU.Build.0 = Release|Any CPU
		{92741D94-7C22-415C-BC46-CB0CFE34C7EE}.Release|x86.ActiveCfg = Release|x86
		{92741D94-7C22-415C-BC46-CB0CFE34C7EE}.Release|x86.Build.0 = Release|x86
		{4E8529A1-7C5E-46F0-94C2-3DA7FEA4A772}.Debug|Any CPU.ActiveCfg = Debug|Any CPU
		{4E8529A1-7C5E-46F0-94C2-3DA7FEA4A772}.Debug|Any CPU.Build.0 = Debug|Any CPU
		{4E8529A1-7C5E-46F0-94C2-3DA7FEA4A772}.Debug|x86.ActiveCfg = Debug|Any CPU
		{4E8529A1-7C5E-46F0-94C2-3DA7FEA4A772}.Debug|x86.Build.0 = Debug|Any CPU
		{4E8529A1-7C5E-46F0-94C2-3DA7FEA4A772}.Release|Any CPU.ActiveCfg = Release|Any CPU
		{4E8529A1-7C5E-46F0-94C2-3DA7FEA4A772}.Release|Any CPU.Build.0 = Release|Any CPU
		{4E8529A1-7C5E-46F0-94C2-3DA7FEA4A772}.Release|x86.ActiveCfg = Release|x86
		{4E8529A1-7C5E-46F0-94C2-3DA7FEA4A772}.Release|x86.Build.0 = Release|x86
		{BEF9455E-91CC-4E4C-8AAB-C476FC45B373}.Debug|Any CPU.ActiveCfg = Debug|Any CPU
		{BEF9455E-91CC-4E4C-8AAB-C476FC45B373}.Debug|Any CPU.Build.0 = Debug|Any CPU
		{BEF9455E-91CC-4E4C-8AAB-C476FC45B373}.Debug|x86.ActiveCfg = Debug|x86
		{BEF9455E-91CC-4E4C-8AAB-C476FC45B373}.Debug|x86.Build.0 = Debug|x86
		{BEF9455E-91CC-4E4C-8AAB-C476FC45B373}.Release|Any CPU.ActiveCfg = Release|Any CPU
		{BEF9455E-91CC-4E4C-8AAB-C476FC45B373}.Release|Any CPU.Build.0 = Release|Any CPU
		{BEF9455E-91CC-4E4C-8AAB-C476FC45B373}.Release|x86.ActiveCfg = Release|x86
		{BEF9455E-91CC-4E4C-8AAB-C476FC45B373}.Release|x86.Build.0 = Release|x86
		{C0FE8737-BCFD-4C6F-AC7D-3CE8942B0CCB}.Debug|Any CPU.ActiveCfg = Debug|Any CPU
		{C0FE8737-BCFD-4C6F-AC7D-3CE8942B0CCB}.Debug|Any CPU.Build.0 = Debug|Any CPU
		{C0FE8737-BCFD-4C6F-AC7D-3CE8942B0CCB}.Debug|x86.ActiveCfg = Debug|Any CPU
		{C0FE8737-BCFD-4C6F-AC7D-3CE8942B0CCB}.Debug|x86.Build.0 = Debug|Any CPU
		{C0FE8737-BCFD-4C6F-AC7D-3CE8942B0CCB}.Release|Any CPU.ActiveCfg = Release|Any CPU
		{C0FE8737-BCFD-4C6F-AC7D-3CE8942B0CCB}.Release|Any CPU.Build.0 = Release|Any CPU
		{C0FE8737-BCFD-4C6F-AC7D-3CE8942B0CCB}.Release|x86.ActiveCfg = Release|Any CPU
		{C0FE8737-BCFD-4C6F-AC7D-3CE8942B0CCB}.Release|x86.Build.0 = Release|Any CPU
		{AF2CD95C-6A5D-448D-B380-591AB1A46645}.Debug|Any CPU.ActiveCfg = Debug|Any CPU
		{AF2CD95C-6A5D-448D-B380-591AB1A46645}.Debug|Any CPU.Build.0 = Debug|Any CPU
		{AF2CD95C-6A5D-448D-B380-591AB1A46645}.Debug|x86.ActiveCfg = Debug|Any CPU
		{AF2CD95C-6A5D-448D-B380-591AB1A46645}.Debug|x86.Build.0 = Debug|Any CPU
		{AF2CD95C-6A5D-448D-B380-591AB1A46645}.Release|Any CPU.ActiveCfg = Release|Any CPU
		{AF2CD95C-6A5D-448D-B380-591AB1A46645}.Release|Any CPU.Build.0 = Release|Any CPU
		{AF2CD95C-6A5D-448D-B380-591AB1A46645}.Release|x86.ActiveCfg = Release|Any CPU
		{AF2CD95C-6A5D-448D-B380-591AB1A46645}.Release|x86.Build.0 = Release|Any CPU
		{1E8BEC33-D58D-4807-A9A1-AA3AFD92E28E}.Debug|Any CPU.ActiveCfg = Debug|Any CPU
		{1E8BEC33-D58D-4807-A9A1-AA3AFD92E28E}.Debug|Any CPU.Build.0 = Debug|Any CPU
		{1E8BEC33-D58D-4807-A9A1-AA3AFD92E28E}.Debug|x86.ActiveCfg = Debug|Any CPU
		{1E8BEC33-D58D-4807-A9A1-AA3AFD92E28E}.Debug|x86.Build.0 = Debug|Any CPU
		{1E8BEC33-D58D-4807-A9A1-AA3AFD92E28E}.Release|Any CPU.ActiveCfg = Release|Any CPU
		{1E8BEC33-D58D-4807-A9A1-AA3AFD92E28E}.Release|Any CPU.Build.0 = Release|Any CPU
		{1E8BEC33-D58D-4807-A9A1-AA3AFD92E28E}.Release|x86.ActiveCfg = Release|Any CPU
		{1E8BEC33-D58D-4807-A9A1-AA3AFD92E28E}.Release|x86.Build.0 = Release|Any CPU
		{4CBC6423-E455-4DDE-8BC4-F98E928C78E1}.Debug|Any CPU.ActiveCfg = Debug|Any CPU
		{4CBC6423-E455-4DDE-8BC4-F98E928C78E1}.Debug|Any CPU.Build.0 = Debug|Any CPU
		{4CBC6423-E455-4DDE-8BC4-F98E928C78E1}.Debug|x86.ActiveCfg = Debug|Any CPU
		{4CBC6423-E455-4DDE-8BC4-F98E928C78E1}.Debug|x86.Build.0 = Debug|Any CPU
		{4CBC6423-E455-4DDE-8BC4-F98E928C78E1}.Release|Any CPU.ActiveCfg = Release|Any CPU
		{4CBC6423-E455-4DDE-8BC4-F98E928C78E1}.Release|Any CPU.Build.0 = Release|Any CPU
		{4CBC6423-E455-4DDE-8BC4-F98E928C78E1}.Release|x86.ActiveCfg = Release|Any CPU
		{4CBC6423-E455-4DDE-8BC4-F98E928C78E1}.Release|x86.Build.0 = Release|Any CPU
		{286E4458-4500-4887-8C10-A8F1A783C511}.Debug|Any CPU.ActiveCfg = Debug|Any CPU
		{286E4458-4500-4887-8C10-A8F1A783C511}.Debug|Any CPU.Build.0 = Debug|Any CPU
		{286E4458-4500-4887-8C10-A8F1A783C511}.Debug|x86.ActiveCfg = Debug|Any CPU
		{286E4458-4500-4887-8C10-A8F1A783C511}.Debug|x86.Build.0 = Debug|Any CPU
		{286E4458-4500-4887-8C10-A8F1A783C511}.Release|Any CPU.ActiveCfg = Release|Any CPU
		{286E4458-4500-4887-8C10-A8F1A783C511}.Release|Any CPU.Build.0 = Release|Any CPU
		{286E4458-4500-4887-8C10-A8F1A783C511}.Release|x86.ActiveCfg = Release|Any CPU
		{286E4458-4500-4887-8C10-A8F1A783C511}.Release|x86.Build.0 = Release|Any CPU
		{157A2C20-6CA9-4291-9CC3-BF7E797B97D5}.Debug|Any CPU.ActiveCfg = Debug|Any CPU
		{157A2C20-6CA9-4291-9CC3-BF7E797B97D5}.Debug|Any CPU.Build.0 = Debug|Any CPU
		{157A2C20-6CA9-4291-9CC3-BF7E797B97D5}.Debug|x86.ActiveCfg = Debug|Any CPU
		{157A2C20-6CA9-4291-9CC3-BF7E797B97D5}.Debug|x86.Build.0 = Debug|Any CPU
		{157A2C20-6CA9-4291-9CC3-BF7E797B97D5}.Release|Any CPU.ActiveCfg = Release|Any CPU
		{157A2C20-6CA9-4291-9CC3-BF7E797B97D5}.Release|Any CPU.Build.0 = Release|Any CPU
		{157A2C20-6CA9-4291-9CC3-BF7E797B97D5}.Release|x86.ActiveCfg = Release|Any CPU
		{157A2C20-6CA9-4291-9CC3-BF7E797B97D5}.Release|x86.Build.0 = Release|Any CPU
		{26F222A9-B7D9-4E5E-8EC7-38BD0994CA36}.Debug|Any CPU.ActiveCfg = Debug|Any CPU
		{26F222A9-B7D9-4E5E-8EC7-38BD0994CA36}.Debug|Any CPU.Build.0 = Debug|Any CPU
		{26F222A9-B7D9-4E5E-8EC7-38BD0994CA36}.Debug|x86.ActiveCfg = Debug|Any CPU
		{26F222A9-B7D9-4E5E-8EC7-38BD0994CA36}.Debug|x86.Build.0 = Debug|Any CPU
		{26F222A9-B7D9-4E5E-8EC7-38BD0994CA36}.Release|Any CPU.ActiveCfg = Release|Any CPU
		{26F222A9-B7D9-4E5E-8EC7-38BD0994CA36}.Release|Any CPU.Build.0 = Release|Any CPU
		{26F222A9-B7D9-4E5E-8EC7-38BD0994CA36}.Release|x86.ActiveCfg = Release|Any CPU
		{26F222A9-B7D9-4E5E-8EC7-38BD0994CA36}.Release|x86.Build.0 = Release|Any CPU
		{B32DE7AA-18EB-47B7-8D20-374271FF7BC6}.Debug|Any CPU.ActiveCfg = Debug|Any CPU
		{B32DE7AA-18EB-47B7-8D20-374271FF7BC6}.Debug|Any CPU.Build.0 = Debug|Any CPU
		{B32DE7AA-18EB-47B7-8D20-374271FF7BC6}.Debug|x86.ActiveCfg = Debug|Any CPU
		{B32DE7AA-18EB-47B7-8D20-374271FF7BC6}.Debug|x86.Build.0 = Debug|Any CPU
		{B32DE7AA-18EB-47B7-8D20-374271FF7BC6}.Release|Any CPU.ActiveCfg = Release|Any CPU
		{B32DE7AA-18EB-47B7-8D20-374271FF7BC6}.Release|Any CPU.Build.0 = Release|Any CPU
		{B32DE7AA-18EB-47B7-8D20-374271FF7BC6}.Release|x86.ActiveCfg = Release|Any CPU
		{B32DE7AA-18EB-47B7-8D20-374271FF7BC6}.Release|x86.Build.0 = Release|Any CPU
	EndGlobalSection
	GlobalSection(SolutionProperties) = preSolution
		HideSolutionNode = FALSE
	EndGlobalSection
	GlobalSection(ExtensibilityGlobals) = postSolution
		SolutionGuid = {FFA1F827-38D3-400D-9A5B-D1EFCBB338B5}
	EndGlobalSection
EndGlobal
