
Microsoft Visual Studio Solution File, Format Version 12.00
# Visual Studio Version 16
VisualStudioVersion = 16.0.31112.23
MinimumVisualStudioVersion = 10.0.40219.1
Project("{FAE04EC0-301F-11D3-BF4B-00C04F79EFBC}") = "hproseServer", "hproseServer\hproseServer.csproj", "{67AFCB7D-1F22-48E5-8DC4-E52703C5B1D2}"
EndProject
Project("{FAE04EC0-301F-11D3-BF4B-00C04F79EFBC}") = "hproseClient", "hproseClient\hproseClient.csproj", "{01E79B0E-07EF-40FF-BCC7-CF8EF3E76E38}"
EndProject
Project("{FAE04EC0-301F-11D3-BF4B-00C04F79EFBC}") = "testMairaBD", "testMairaBD\testMairaBD.csproj", "{179F0704-681D-4A30-9380-99D6A0B503A9}"
EndProject
Project("{9A19103F-16F7-4668-BE54-9A1E7A4F7556}") = "WebHproseClient", "WebHproseClient\WebHproseClient.csproj", "{A4DCC417-F0F8-4C6E-8DD7-7E529C4487AE}"
EndProject
Project("{9A19103F-16F7-4668-BE54-9A1E7A4F7556}") = "asyncTest", "asyncTest\asyncTest.csproj", "{92741D94-7C22-415C-BC46-CB0CFE34C7EE}"
EndProject
Project("{FAE04EC0-301F-11D3-BF4B-00C04F79EFBC}") = "RedCardCor", "RedCardCor\RedCardCor.csproj", "{4E8529A1-7C5E-46F0-94C2-3DA7FEA4A772}"
EndProject
Global
	GlobalSection(SolutionConfigurationPlatforms) = preSolution
		Debug|Any CPU = Debug|Any CPU
		Release|Any CPU = Release|Any CPU
	EndGlobalSection
	GlobalSection(ProjectConfigurationPlatforms) = postSolution
		{67AFCB7D-1F22-48E5-8DC4-E52703C5B1D2}.Debug|Any CPU.ActiveCfg = Debug|Any CPU
		{67AFCB7D-1F22-48E5-8DC4-E52703C5B1D2}.Debug|Any CPU.Build.0 = Debug|Any CPU
		{67AFCB7D-1F22-48E5-8DC4-E52703C5B1D2}.Release|Any CPU.ActiveCfg = Release|Any CPU
		{67AFCB7D-1F22-48E5-8DC4-E52703C5B1D2}.Release|Any CPU.Build.0 = Release|Any CPU
		{01E79B0E-07EF-40FF-BCC7-CF8EF3E76E38}.Debug|Any CPU.ActiveCfg = Debug|Any CPU
		{01E79B0E-07EF-40FF-BCC7-CF8EF3E76E38}.Debug|Any CPU.Build.0 = Debug|Any CPU
		{01E79B0E-07EF-40FF-BCC7-CF8EF3E76E38}.Release|Any CPU.ActiveCfg = Release|Any CPU
		{01E79B0E-07EF-40FF-BCC7-CF8EF3E76E38}.Release|Any CPU.Build.0 = Release|Any CPU
		{179F0704-681D-4A30-9380-99D6A0B503A9}.Debug|Any CPU.ActiveCfg = Debug|Any CPU
		{179F0704-681D-4A30-9380-99D6A0B503A9}.Debug|Any CPU.Build.0 = Debug|Any CPU
		{179F0704-681D-4A30-9380-99D6A0B503A9}.Release|Any CPU.ActiveCfg = Release|Any CPU
		{179F0704-681D-4A30-9380-99D6A0B503A9}.Release|Any CPU.Build.0 = Release|Any CPU
		{A4DCC417-F0F8-4C6E-8DD7-7E529C4487AE}.Debug|Any CPU.ActiveCfg = Debug|Any CPU
		{A4DCC417-F0F8-4C6E-8DD7-7E529C4487AE}.Debug|Any CPU.Build.0 = Debug|Any CPU
		{A4DCC417-F0F8-4C6E-8DD7-7E529C4487AE}.Release|Any CPU.ActiveCfg = Release|Any CPU
		{A4DCC417-F0F8-4C6E-8DD7-7E529C4487AE}.Release|Any CPU.Build.0 = Release|Any CPU
		{92741D94-7C22-415C-BC46-CB0CFE34C7EE}.Debug|Any CPU.ActiveCfg = Debug|Any CPU
		{92741D94-7C22-415C-BC46-CB0CFE34C7EE}.Debug|Any CPU.Build.0 = Debug|Any CPU
		{92741D94-7C22-415C-BC46-CB0CFE34C7EE}.Release|Any CPU.ActiveCfg = Release|Any CPU
		{92741D94-7C22-415C-BC46-CB0CFE34C7EE}.Release|Any CPU.Build.0 = Release|Any CPU
		{4E8529A1-7C5E-46F0-94C2-3DA7FEA4A772}.Debug|Any CPU.ActiveCfg = Debug|Any CPU
		{4E8529A1-7C5E-46F0-94C2-3DA7FEA4A772}.Debug|Any CPU.Build.0 = Debug|Any CPU
		{4E8529A1-7C5E-46F0-94C2-3DA7FEA4A772}.Release|Any CPU.ActiveCfg = Release|Any CPU
		{4E8529A1-7C5E-46F0-94C2-3DA7FEA4A772}.Release|Any CPU.Build.0 = Release|Any CPU
	EndGlobalSection
	GlobalSection(SolutionProperties) = preSolution
		HideSolutionNode = FALSE
	EndGlobalSection
	GlobalSection(ExtensibilityGlobals) = postSolution
		SolutionGuid = {FFA1F827-38D3-400D-9A5B-D1EFCBB338B5}
	EndGlobalSection
EndGlobal
